
Microsoft Visual Studio Solution File, Format Version 12.00
# Visual Studio Version 17
VisualStudioVersion = 17.0.31903.59
MinimumVisualStudioVersion = 10.0.40219.1
Project("{FAE04EC0-301F-11D3-BF4B-00C04F79EFBC}") = "TestLibrary", "TestLibrary\TestLibrary.csproj", "{064B94B0-9D95-4588-ABE8-370B148D6F14}"
EndProject
Project("{FAE04EC0-301F-11D3-BF4B-00C04F79EFBC}") = "TargetProject", "TargetProject\TargetProject.csproj", "{B5A8C510-2014-4B75-8588-43BE8D93312B}"
EndProject
Project("{FAE04EC0-301F-11D3-BF4B-00C04F79EFBC}") = "TestProject", "TestProject\TestProject.csproj", "{C063071E-6431-4F91-B5D2-C0DF1ABB7E7A}"
EndProject
Project("{FAE04EC0-301F-11D3-BF4B-00C04F79EFBC}") = "TestRunner", "TestRunner\TestRunner.csproj", "{523EF12D-0A49-4E1F-B7D9-95C59C3C4EF4}"
EndProject
Project("{FAE04EC0-301F-11D3-BF4B-00C04F79EFBC}") = "ThreadPoolModule", "ThreadPoolModule\ThreadPoolModule.csproj", "{2A6EE191-9821-45E7-9C9C-73D29F9DAB76}"
EndProject
Global
	GlobalSection(SolutionConfigurationPlatforms) = preSolution
		Debug|Any CPU = Debug|Any CPU
		Debug|x64 = Debug|x64
		Debug|x86 = Debug|x86
		Release|Any CPU = Release|Any CPU
		Release|x64 = Release|x64
		Release|x86 = Release|x86
	EndGlobalSection
	GlobalSection(ProjectConfigurationPlatforms) = postSolution
		{064B94B0-9D95-4588-ABE8-370B148D6F14}.Debug|Any CPU.ActiveCfg = Debug|Any CPU
		{064B94B0-9D95-4588-ABE8-370B148D6F14}.Debug|Any CPU.Build.0 = Debug|Any CPU
		{064B94B0-9D95-4588-ABE8-370B148D6F14}.Debug|x64.ActiveCfg = Debug|Any CPU
		{064B94B0-9D95-4588-ABE8-370B148D6F14}.Debug|x64.Build.0 = Debug|Any CPU
		{064B94B0-9D95-4588-ABE8-370B148D6F14}.Debug|x86.ActiveCfg = Debug|Any CPU
		{064B94B0-9D95-4588-ABE8-370B148D6F14}.Debug|x86.Build.0 = Debug|Any CPU
		{064B94B0-9D95-4588-ABE8-370B148D6F14}.Release|Any CPU.ActiveCfg = Release|Any CPU
		{064B94B0-9D95-4588-ABE8-370B148D6F14}.Release|Any CPU.Build.0 = Release|Any CPU
		{064B94B0-9D95-4588-ABE8-370B148D6F14}.Release|x64.ActiveCfg = Release|Any CPU
		{064B94B0-9D95-4588-ABE8-370B148D6F14}.Release|x64.Build.0 = Release|Any CPU
		{064B94B0-9D95-4588-ABE8-370B148D6F14}.Release|x86.ActiveCfg = Release|Any CPU
		{064B94B0-9D95-4588-ABE8-370B148D6F14}.Release|x86.Build.0 = Release|Any CPU
		{B5A8C510-2014-4B75-8588-43BE8D93312B}.Debug|Any CPU.ActiveCfg = Debug|Any CPU
		{B5A8C510-2014-4B75-8588-43BE8D93312B}.Debug|Any CPU.Build.0 = Debug|Any CPU
		{B5A8C510-2014-4B75-8588-43BE8D93312B}.Debug|x64.ActiveCfg = Debug|Any CPU
		{B5A8C510-2014-4B75-8588-43BE8D93312B}.Debug|x64.Build.0 = Debug|Any CPU
		{B5A8C510-2014-4B75-8588-43BE8D93312B}.Debug|x86.ActiveCfg = Debug|Any CPU
		{B5A8C510-2014-4B75-8588-43BE8D93312B}.Debug|x86.Build.0 = Debug|Any CPU
		{B5A8C510-2014-4B75-8588-43BE8D93312B}.Release|Any CPU.ActiveCfg = Release|Any CPU
		{B5A8C510-2014-4B75-8588-43BE8D93312B}.Release|Any CPU.Build.0 = Release|Any CPU
		{B5A8C510-2014-4B75-8588-43BE8D93312B}.Release|x64.ActiveCfg = Release|Any CPU
		{B5A8C510-2014-4B75-8588-43BE8D93312B}.Release|x64.Build.0 = Release|Any CPU
		{B5A8C510-2014-4B75-8588-43BE8D93312B}.Release|x86.ActiveCfg = Release|Any CPU
		{B5A8C510-2014-4B75-8588-43BE8D93312B}.Release|x86.Build.0 = Release|Any CPU
		{C063071E-6431-4F91-B5D2-C0DF1ABB7E7A}.Debug|Any CPU.ActiveCfg = Debug|Any CPU
		{C063071E-6431-4F91-B5D2-C0DF1ABB7E7A}.Debug|Any CPU.Build.0 = Debug|Any CPU
		{C063071E-6431-4F91-B5D2-C0DF1ABB7E7A}.Debug|x64.ActiveCfg = Debug|Any CPU
		{C063071E-6431-4F91-B5D2-C0DF1ABB7E7A}.Debug|x64.Build.0 = Debug|Any CPU
		{C063071E-6431-4F91-B5D2-C0DF1ABB7E7A}.Debug|x86.ActiveCfg = Debug|Any CPU
		{C063071E-6431-4F91-B5D2-C0DF1ABB7E7A}.Debug|x86.Build.0 = Debug|Any CPU
		{C063071E-6431-4F91-B5D2-C0DF1ABB7E7A}.Release|Any CPU.ActiveCfg = Release|Any CPU
		{C063071E-6431-4F91-B5D2-C0DF1ABB7E7A}.Release|Any CPU.Build.0 = Release|Any CPU
		{C063071E-6431-4F91-B5D2-C0DF1ABB7E7A}.Release|x64.ActiveCfg = Release|Any CPU
		{C063071E-6431-4F91-B5D2-C0DF1ABB7E7A}.Release|x64.Build.0 = Release|Any CPU
		{C063071E-6431-4F91-B5D2-C0DF1ABB7E7A}.Release|x86.ActiveCfg = Release|Any CPU
		{C063071E-6431-4F91-B5D2-C0DF1ABB7E7A}.Release|x86.Build.0 = Release|Any CPU
		{523EF12D-0A49-4E1F-B7D9-95C59C3C4EF4}.Debug|Any CPU.ActiveCfg = Debug|Any CPU
		{523EF12D-0A49-4E1F-B7D9-95C59C3C4EF4}.Debug|Any CPU.Build.0 = Debug|Any CPU
		{523EF12D-0A49-4E1F-B7D9-95C59C3C4EF4}.Debug|x64.ActiveCfg = Debug|Any CPU
		{523EF12D-0A49-4E1F-B7D9-95C59C3C4EF4}.Debug|x64.Build.0 = Debug|Any CPU
		{523EF12D-0A49-4E1F-B7D9-95C59C3C4EF4}.Debug|x86.ActiveCfg = Debug|Any CPU
		{523EF12D-0A49-4E1F-B7D9-95C59C3C4EF4}.Debug|x86.Build.0 = Debug|Any CPU
		{523EF12D-0A49-4E1F-B7D9-95C59C3C4EF4}.Release|Any CPU.ActiveCfg = Release|Any CPU
		{523EF12D-0A49-4E1F-B7D9-95C59C3C4EF4}.Release|Any CPU.Build.0 = Release|Any CPU
		{523EF12D-0A49-4E1F-B7D9-95C59C3C4EF4}.Release|x64.ActiveCfg = Release|Any CPU
		{523EF12D-0A49-4E1F-B7D9-95C59C3C4EF4}.Release|x64.Build.0 = Release|Any CPU
		{523EF12D-0A49-4E1F-B7D9-95C59C3C4EF4}.Release|x86.ActiveCfg = Release|Any CPU
		{523EF12D-0A49-4E1F-B7D9-95C59C3C4EF4}.Release|x86.Build.0 = Release|Any CPU
		{2A6EE191-9821-45E7-9C9C-73D29F9DAB76}.Debug|Any CPU.ActiveCfg = Debug|Any CPU
		{2A6EE191-9821-45E7-9C9C-73D29F9DAB76}.Debug|Any CPU.Build.0 = Debug|Any CPU
		{2A6EE191-9821-45E7-9C9C-73D29F9DAB76}.Debug|x64.ActiveCfg = Debug|Any CPU
		{2A6EE191-9821-45E7-9C9C-73D29F9DAB76}.Debug|x64.Build.0 = Debug|Any CPU
		{2A6EE191-9821-45E7-9C9C-73D29F9DAB76}.Debug|x86.ActiveCfg = Debug|Any CPU
		{2A6EE191-9821-45E7-9C9C-73D29F9DAB76}.Debug|x86.Build.0 = Debug|Any CPU
		{2A6EE191-9821-45E7-9C9C-73D29F9DAB76}.Release|Any CPU.ActiveCfg = Release|Any CPU
		{2A6EE191-9821-45E7-9C9C-73D29F9DAB76}.Release|Any CPU.Build.0 = Release|Any CPU
		{2A6EE191-9821-45E7-9C9C-73D29F9DAB76}.Release|x64.ActiveCfg = Release|Any CPU
		{2A6EE191-9821-45E7-9C9C-73D29F9DAB76}.Release|x64.Build.0 = Release|Any CPU
		{2A6EE191-9821-45E7-9C9C-73D29F9DAB76}.Release|x86.ActiveCfg = Release|Any CPU
		{2A6EE191-9821-45E7-9C9C-73D29F9DAB76}.Release|x86.Build.0 = Release|Any CPU
	EndGlobalSection
	GlobalSection(SolutionProperties) = preSolution
		HideSolutionNode = FALSE
	EndGlobalSection
EndGlobal
